
Microsoft Visual Studio Solution File, Format Version 12.00
# Visual Studio Version 16
VisualStudioVersion = 16.0.30804.86
MinimumVisualStudioVersion = 10.0.40219.1
Project("{FAE04EC0-301F-11D3-BF4B-00C04F79EFBC}") = "ASP_Test", "ASP_Test\ASP_Test.csproj", "{6839C9F3-232F-42E7-A827-C97C63122568}"
EndProject
Global
	GlobalSection(SolutionConfigurationPlatforms) = preSolution
		Debug|Any CPU = Debug|Any CPU
		Release|Any CPU = Release|Any CPU
	EndGlobalSection
	GlobalSection(ProjectConfigurationPlatforms) = postSolution
		{6839C9F3-232F-42E7-A827-C97C63122568}.Debug|Any CPU.ActiveCfg = Debug|Any CPU
		{6839C9F3-232F-42E7-A827-C97C63122568}.Debug|Any CPU.Build.0 = Debug|Any CPU
		{6839C9F3-232F-42E7-A827-C97C63122568}.Release|Any CPU.ActiveCfg = Release|Any CPU
		{6839C9F3-232F-42E7-A827-C97C63122568}.Release|Any CPU.Build.0 = Release|Any CPU
	EndGlobalSection
	GlobalSection(SolutionProperties) = preSolution
		HideSolutionNode = FALSE
	EndGlobalSection
	GlobalSection(ExtensibilityGlobals) = postSolution
		SolutionGuid = {E7E03554-2F0D-48B5-A5D1-D773D8C5D7DC}
	EndGlobalSection
EndGlobal
